
Microsoft Visual Studio Solution File, Format Version 12.00
# Visual Studio Version 17
VisualStudioVersion = 17.8.34511.84
MinimumVisualStudioVersion = 10.0.40219.1
Project("{9A19103F-16F7-4668-BE54-9A1E7A4F7556}") = "CodingTracker", "CodingTracker\CodingTracker.csproj", "{64AD3EC6-247D-487F-9A01-34904D0895BD}"
EndProject
Global
	GlobalSection(SolutionConfigurationPlatforms) = preSolution
		Debug|Any CPU = Debug|Any CPU
		Release|Any CPU = Release|Any CPU
	EndGlobalSection
	GlobalSection(ProjectConfigurationPlatforms) = postSolution
		{64AD3EC6-247D-487F-9A01-34904D0895BD}.Debug|Any CPU.ActiveCfg = Debug|Any CPU
		{64AD3EC6-247D-487F-9A01-34904D0895BD}.Debug|Any CPU.Build.0 = Debug|Any CPU
		{64AD3EC6-247D-487F-9A01-34904D0895BD}.Release|Any CPU.ActiveCfg = Release|Any CPU
		{64AD3EC6-247D-487F-9A01-34904D0895BD}.Release|Any CPU.Build.0 = Release|Any CPU
	EndGlobalSection
	GlobalSection(SolutionProperties) = preSolution
		HideSolutionNode = FALSE
	EndGlobalSection
	GlobalSection(ExtensibilityGlobals) = postSolution
		SolutionGuid = {F1ECAF2F-4A25-45CE-9444-2657656E8D4B}
	EndGlobalSection
EndGlobal
