
Microsoft Visual Studio Solution File, Format Version 12.00
# Visual Studio Version 17
VisualStudioVersion = 17.8.34511.84
MinimumVisualStudioVersion = 10.0.40219.1
Project("{FAE04EC0-301F-11D3-BF4B-00C04F79EFBC}") = "switchCaseStr", "switchCaseStr.csproj", "{368F3F78-295B-431E-95DA-9C0FFDD6E238}"
EndProject
Global
	GlobalSection(SolutionConfigurationPlatforms) = preSolution
		Debug|Any CPU = Debug|Any CPU
		Release|Any CPU = Release|Any CPU
	EndGlobalSection
	GlobalSection(ProjectConfigurationPlatforms) = postSolution
		{368F3F78-295B-431E-95DA-9C0FFDD6E238}.Debug|Any CPU.ActiveCfg = Debug|Any CPU
		{368F3F78-295B-431E-95DA-9C0FFDD6E238}.Debug|Any CPU.Build.0 = Debug|Any CPU
		{368F3F78-295B-431E-95DA-9C0FFDD6E238}.Release|Any CPU.ActiveCfg = Release|Any CPU
		{368F3F78-295B-431E-95DA-9C0FFDD6E238}.Release|Any CPU.Build.0 = Release|Any CPU
	EndGlobalSection
	GlobalSection(SolutionProperties) = preSolution
		HideSolutionNode = FALSE
	EndGlobalSection
	GlobalSection(ExtensibilityGlobals) = postSolution
		SolutionGuid = {DAFEA438-EB52-4C7C-8D66-934B28B57791}
	EndGlobalSection
EndGlobal
