
Microsoft Visual Studio Solution File, Format Version 12.00
# Visual Studio Version 17
VisualStudioVersion = 17.9.34616.47
MinimumVisualStudioVersion = 10.0.40219.1
Project("{FAE04EC0-301F-11D3-BF4B-00C04F79EFBC}") = "Con_Api_Characters2", "Con_Api_Characters2.csproj", "{084C1A9B-F512-4AE5-9391-1DB5C2748AE0}"
EndProject
Global
	GlobalSection(SolutionConfigurationPlatforms) = preSolution
		Debug|Any CPU = Debug|Any CPU
		Release|Any CPU = Release|Any CPU
	EndGlobalSection
	GlobalSection(ProjectConfigurationPlatforms) = postSolution
		{084C1A9B-F512-4AE5-9391-1DB5C2748AE0}.Debug|Any CPU.ActiveCfg = Debug|Any CPU
		{084C1A9B-F512-4AE5-9391-1DB5C2748AE0}.Debug|Any CPU.Build.0 = Debug|Any CPU
		{084C1A9B-F512-4AE5-9391-1DB5C2748AE0}.Release|Any CPU.ActiveCfg = Release|Any CPU
		{084C1A9B-F512-4AE5-9391-1DB5C2748AE0}.Release|Any CPU.Build.0 = Release|Any CPU
	EndGlobalSection
	GlobalSection(SolutionProperties) = preSolution
		HideSolutionNode = FALSE
	EndGlobalSection
	GlobalSection(ExtensibilityGlobals) = postSolution
		SolutionGuid = {6F9BD26D-E255-4FE7-AD86-8CEE3445E5CE}
	EndGlobalSection
EndGlobal
