
Microsoft Visual Studio Solution File, Format Version 12.00
# Visual Studio Version 17
VisualStudioVersion = 17.9.34714.143
MinimumVisualStudioVersion = 10.0.40219.1
Project("{FAE04EC0-301F-11D3-BF4B-00C04F79EFBC}") = "MvcMovie", "MvcMovie.csproj", "{095152E0-95C8-45F4-AE77-1CC365BF4F60}"
EndProject
Global
	GlobalSection(SolutionConfigurationPlatforms) = preSolution
		Debug|Any CPU = Debug|Any CPU
		Release|Any CPU = Release|Any CPU
	EndGlobalSection
	GlobalSection(ProjectConfigurationPlatforms) = postSolution
		{095152E0-95C8-45F4-AE77-1CC365BF4F60}.Debug|Any CPU.ActiveCfg = Debug|Any CPU
		{095152E0-95C8-45F4-AE77-1CC365BF4F60}.Debug|Any CPU.Build.0 = Debug|Any CPU
		{095152E0-95C8-45F4-AE77-1CC365BF4F60}.Release|Any CPU.ActiveCfg = Release|Any CPU
		{095152E0-95C8-45F4-AE77-1CC365BF4F60}.Release|Any CPU.Build.0 = Release|Any CPU
	EndGlobalSection
	GlobalSection(SolutionProperties) = preSolution
		HideSolutionNode = FALSE
	EndGlobalSection
	GlobalSection(ExtensibilityGlobals) = postSolution
		SolutionGuid = {EA316133-418D-4B49-B695-238A0038DA45}
	EndGlobalSection
EndGlobal
