
Microsoft Visual Studio Solution File, Format Version 12.00
# Visual Studio Version 17
VisualStudioVersion = 17.8.34511.84
MinimumVisualStudioVersion = 10.0.40219.1
Project("{FAE04EC0-301F-11D3-BF4B-00C04F79EFBC}") = "switchCaseInt", "switchCaseInt.csproj", "{849F91BC-9C07-43F1-B94B-5884FE662A90}"
EndProject
Global
	GlobalSection(SolutionConfigurationPlatforms) = preSolution
		Debug|Any CPU = Debug|Any CPU
		Release|Any CPU = Release|Any CPU
	EndGlobalSection
	GlobalSection(ProjectConfigurationPlatforms) = postSolution
		{849F91BC-9C07-43F1-B94B-5884FE662A90}.Debug|Any CPU.ActiveCfg = Debug|Any CPU
		{849F91BC-9C07-43F1-B94B-5884FE662A90}.Debug|Any CPU.Build.0 = Debug|Any CPU
		{849F91BC-9C07-43F1-B94B-5884FE662A90}.Release|Any CPU.ActiveCfg = Release|Any CPU
		{849F91BC-9C07-43F1-B94B-5884FE662A90}.Release|Any CPU.Build.0 = Release|Any CPU
	EndGlobalSection
	GlobalSection(SolutionProperties) = preSolution
		HideSolutionNode = FALSE
	EndGlobalSection
	GlobalSection(ExtensibilityGlobals) = postSolution
		SolutionGuid = {6E015832-F54B-4FFB-92A0-6C5AFB862716}
	EndGlobalSection
EndGlobal
