
Microsoft Visual Studio Solution File, Format Version 12.00
# Visual Studio Version 17
VisualStudioVersion = 17.8.34511.84
MinimumVisualStudioVersion = 10.0.40219.1
Project("{FAE04EC0-301F-11D3-BF4B-00C04F79EFBC}") = "Classes_Objects", "Classes_Objects.csproj", "{CAB5A95A-FC8C-4355-8C9D-C88B0488F0F4}"
EndProject
Global
	GlobalSection(SolutionConfigurationPlatforms) = preSolution
		Debug|Any CPU = Debug|Any CPU
		Release|Any CPU = Release|Any CPU
	EndGlobalSection
	GlobalSection(ProjectConfigurationPlatforms) = postSolution
		{CAB5A95A-FC8C-4355-8C9D-C88B0488F0F4}.Debug|Any CPU.ActiveCfg = Debug|Any CPU
		{CAB5A95A-FC8C-4355-8C9D-C88B0488F0F4}.Debug|Any CPU.Build.0 = Debug|Any CPU
		{CAB5A95A-FC8C-4355-8C9D-C88B0488F0F4}.Release|Any CPU.ActiveCfg = Release|Any CPU
		{CAB5A95A-FC8C-4355-8C9D-C88B0488F0F4}.Release|Any CPU.Build.0 = Release|Any CPU
	EndGlobalSection
	GlobalSection(SolutionProperties) = preSolution
		HideSolutionNode = FALSE
	EndGlobalSection
	GlobalSection(ExtensibilityGlobals) = postSolution
		SolutionGuid = {159C7CDD-FFA5-4A0F-8F17-D9D2B5187A4F}
	EndGlobalSection
EndGlobal
